
Microsoft Visual Studio Solution File, Format Version 12.00
# Visual Studio 15
VisualStudioVersion = 15.0.28307.852
MinimumVisualStudioVersion = 10.0.40219.1
Project("{FAE04EC0-301F-11D3-BF4B-00C04F79EFBC}") = "EricMockExample", "EricMockExample\EricMockExample.csproj", "{9DB06565-92F1-44E0-A4AB-B91F919BFA21}"
EndProject
Global
	GlobalSection(SolutionConfigurationPlatforms) = preSolution
		Debug|Any CPU = Debug|Any CPU
		Release|Any CPU = Release|Any CPU
	EndGlobalSection
	GlobalSection(ProjectConfigurationPlatforms) = postSolution
		{9DB06565-92F1-44E0-A4AB-B91F919BFA21}.Debug|Any CPU.ActiveCfg = Debug|Any CPU
		{9DB06565-92F1-44E0-A4AB-B91F919BFA21}.Debug|Any CPU.Build.0 = Debug|Any CPU
		{9DB06565-92F1-44E0-A4AB-B91F919BFA21}.Release|Any CPU.ActiveCfg = Release|Any CPU
		{9DB06565-92F1-44E0-A4AB-B91F919BFA21}.Release|Any CPU.Build.0 = Release|Any CPU
	EndGlobalSection
	GlobalSection(SolutionProperties) = preSolution
		HideSolutionNode = FALSE
	EndGlobalSection
	GlobalSection(ExtensibilityGlobals) = postSolution
		SolutionGuid = {01C277E7-E55A-44F7-A45F-841D3AED6F2F}
	EndGlobalSection
EndGlobal
